
Microsoft Visual Studio Solution File, Format Version 12.00
# Visual Studio Version 17
VisualStudioVersion = 17.8.34330.188
MinimumVisualStudioVersion = 10.0.40219.1
Project("{FAE04EC0-301F-11D3-BF4B-00C04F79EFBC}") = "Demo_CSharp_OO_03", "Demo_CSharp_OO_03\Demo_CSharp_OO_03.csproj", "{CF114B68-4AC6-4780-B8DB-F26E11F23C9F}"
EndProject
Global
	GlobalSection(SolutionConfigurationPlatforms) = preSolution
		Debug|Any CPU = Debug|Any CPU
		Release|Any CPU = Release|Any CPU
	EndGlobalSection
	GlobalSection(ProjectConfigurationPlatforms) = postSolution
		{CF114B68-4AC6-4780-B8DB-F26E11F23C9F}.Debug|Any CPU.ActiveCfg = Debug|Any CPU
		{CF114B68-4AC6-4780-B8DB-F26E11F23C9F}.Debug|Any CPU.Build.0 = Debug|Any CPU
		{CF114B68-4AC6-4780-B8DB-F26E11F23C9F}.Release|Any CPU.ActiveCfg = Release|Any CPU
		{CF114B68-4AC6-4780-B8DB-F26E11F23C9F}.Release|Any CPU.Build.0 = Release|Any CPU
	EndGlobalSection
	GlobalSection(SolutionProperties) = preSolution
		HideSolutionNode = FALSE
	EndGlobalSection
	GlobalSection(ExtensibilityGlobals) = postSolution
		SolutionGuid = {FCCECCFC-4390-481A-9BCA-4F2282E66413}
	EndGlobalSection
EndGlobal
